<?xml version="1.0" encoding="utf-8"?>
<Project ToolsVersion="4.0" xmlns="http://schemas.microsoft.com/developer/msbuild/2003">
  <ItemGroup>
    <Filter Include="Source Files">
      <UniqueIdentifier>{4FC737F1-C7A5-4376-A066-2A32D752A2FF}</UniqueIdentifier>
      <Extensions>cpp;c;cc;cxx;c++;cppm;ixx;def;odl;idl;hpj;bat;asm;asmx</Extensions>
    </Filter>
    <Filter Include="Header Files">
      <UniqueIdentifier>{93995380-89BD-4b04-88EB-625FBE52EBFB}</UniqueIdentifier>
      <Extensions>h;hh;hpp;hxx;h++;hm;inl;inc;ipp;xsd</Extensions>
    </Filter>
    <Filter Include="Resource Files">
      <UniqueIdentifier>{67DA6AB6-F800-4c08-8B7A-83BB121AAD01}</UniqueIdentifier>
      <Extensions>rc;ico;cur;bmp;dlg;rc2;rct;bin;rgs;gif;jpg;jpeg;jpe;resx;tiff;tif;png;wav;mfcribbon-ms</Extensions>
    </Filter>
    <Filter Include="Source Files\Threads">
      <UniqueIdentifier>{6362d314-2c55-4f0e-a439-42b8427e6646}</UniqueIdentifier>
    </Filter>
    <Filter Include="Source Files\Semaphores">
      <UniqueIdentifier>{36cffe95-d711-4608-90a5-f12b4b26cfbf}</UniqueIdentifier>
    </Filter>
    <Filter Include="Source Files\Monitors">
      <UniqueIdentifier>{8413fec2-bc61-4228-91ef-2fc4901a0d56}</UniqueIdentifier>
    </Filter>
    <Filter Include="Source Files\Threads\Thread Pooling">
      <UniqueIdentifier>{96674d31-371a-4343-aa23-d055ca529655}</UniqueIdentifier>
    </Filter>
    <Filter Include="Source Files\Networking">
      <UniqueIdentifier>{068e6abf-9f68-4726-8029-de74c533ac53}</UniqueIdentifier>
    </Filter>
    <Filter Include="Source Files\Networking\Samples">
      <UniqueIdentifier>{cce00251-6dc5-4b0c-92da-205980fd1a4d}</UniqueIdentifier>
    </Filter>
    <Filter Include="Source Files\Networking\Server">
      <UniqueIdentifier>{8bbc1974-a21e-48aa-8659-db02188b60d9}</UniqueIdentifier>
    </Filter>
    <Filter Include="Source Files\Scenes">
      <UniqueIdentifier>{68c59400-f5a6-4034-b0d9-621c93a66732}</UniqueIdentifier>
    </Filter>
    <Filter Include="Source Files\UI">
      <UniqueIdentifier>{9295c08c-a34a-452d-9c7d-af64d21de9f3}</UniqueIdentifier>
    </Filter>
    <Filter Include="Source Files\Utility">
      <UniqueIdentifier>{5cc78138-e76d-4172-a220-3a3acbb5ca6a}</UniqueIdentifier>
    </Filter>
    <Filter Include="Source Files\Networking\Client">
      <UniqueIdentifier>{bdb1fead-ffce-42fe-8cf6-470d5a636761}</UniqueIdentifier>
    </Filter>
    <Filter Include="Source Files\Networking\Utility">
      <UniqueIdentifier>{4bb87573-17e9-4382-9aef-09f2965c377a}</UniqueIdentifier>
    </Filter>
  </ItemGroup>
  <ItemGroup>
    <ClCompile Include="glad.c">
      <Filter>Source Files</Filter>
    </ClCompile>
    <ClCompile Include="Main.cpp">
      <Filter>Source Files</Filter>
    </ClCompile>
    <ClCompile Include="IETThread.cpp">
      <Filter>Source Files\Threads</Filter>
    </ClCompile>
    <ClCompile Include="BusyWaitSemaphore.cpp">
      <Filter>Source Files\Semaphores</Filter>
    </ClCompile>
    <ClCompile Include="MonitorSharedBuffer.cpp">
      <Filter>Source Files\Monitors</Filter>
    </ClCompile>
    <ClCompile Include="IExecutionEvent.cpp">
      <Filter>Source Files\Threads\Thread Pooling</Filter>
    </ClCompile>
    <ClCompile Include="IWorkerAction.cpp">
      <Filter>Source Files\Threads\Thread Pooling</Filter>
    </ClCompile>
    <ClCompile Include="PoolWorkerThread.cpp">
      <Filter>Source Files\Threads\Thread Pooling</Filter>
    </ClCompile>
    <ClCompile Include="ThreadManager.cpp">
      <Filter>Source Files\Threads\Thread Pooling</Filter>
    </ClCompile>
    <ClCompile Include="ThreadPool.cpp">
      <Filter>Source Files\Threads\Thread Pooling</Filter>
    </ClCompile>
    <ClCompile Include="GreeterClient.cpp">
      <Filter>Source Files\Networking\Samples</Filter>
    </ClCompile>
    <ClCompile Include="GreeterServer.cpp">
      <Filter>Source Files\Networking\Samples</Filter>
    </ClCompile>
    <ClCompile Include="helloworld.grpc.pb.cc">
      <Filter>Source Files\Networking\Samples</Filter>
    </ClCompile>
    <ClCompile Include="helloworld.pb.cc">
      <Filter>Source Files\Networking\Samples</Filter>
    </ClCompile>
    <ClCompile Include="sceneviewer.grpc.pb.cc">
      <Filter>Source Files\Networking</Filter>
    </ClCompile>
    <ClCompile Include="sceneviewer.pb.cc">
      <Filter>Source Files\Networking</Filter>
    </ClCompile>
    <ClCompile Include="SceneViewerServer.cpp">
      <Filter>Source Files\Networking\Server</Filter>
    </ClCompile>
    <ClCompile Include="SceneManager.cpp">
      <Filter>Source Files\Scenes</Filter>
    </ClCompile>
    <ClCompile Include="Model3D.cpp">
      <Filter>Source Files\Scenes</Filter>
    </ClCompile>
    <ClCompile Include="SceneUI.cpp">
      <Filter>Source Files\UI</Filter>
    </ClCompile>
    <ClCompile Include="StringUtils.cpp">
      <Filter>Source Files\Utility</Filter>
    </ClCompile>
    <ClCompile Include="SceneViewerUtility.cpp">
      <Filter>Source Files\Networking\Utility</Filter>
    </ClCompile>
    <ClCompile Include="SceneViewerClient.cpp">
      <Filter>Source Files\Networking\Client</Filter>
    </ClCompile>
    <ClCompile Include="FPSCounter.cpp">
      <Filter>Source Files\UI</Filter>
    </ClCompile>
  </ItemGroup>
  <ItemGroup>
    <ClInclude Include="stb_image.h">
      <Filter>Header Files</Filter>
    </ClInclude>
    <ClInclude Include="tiny_obj_loader.h">
      <Filter>Header Files</Filter>
    </ClInclude>
    <ClInclude Include="IETThread.h">
      <Filter>Source Files\Threads</Filter>
    </ClInclude>
    <ClInclude Include="BusyWaitSemaphore.h">
      <Filter>Source Files\Semaphores</Filter>
    </ClInclude>
    <ClInclude Include="IExecutionEvent.h">
      <Filter>Source Files\Threads\Thread Pooling</Filter>
    </ClInclude>
    <ClInclude Include="IWorkerAction.h">
      <Filter>Source Files\Threads\Thread Pooling</Filter>
    </ClInclude>
    <ClInclude Include="PoolWorkerThread.h">
      <Filter>Source Files\Threads\Thread Pooling</Filter>
    </ClInclude>
    <ClInclude Include="ThreadManager.h">
      <Filter>Source Files\Threads\Thread Pooling</Filter>
    </ClInclude>
    <ClInclude Include="ThreadPool.h">
      <Filter>Source Files\Threads\Thread Pooling</Filter>
    </ClInclude>
    <ClInclude Include="Dependencies.h">
      <Filter>Source Files</Filter>
    </ClInclude>
    <ClInclude Include="GreeterClient.h">
      <Filter>Source Files\Networking\Samples</Filter>
    </ClInclude>
    <ClInclude Include="GreeterServer.h">
      <Filter>Source Files\Networking\Samples</Filter>
    </ClInclude>
    <ClInclude Include="helloworld.grpc.pb.h">
      <Filter>Source Files\Networking\Samples</Filter>
    </ClInclude>
    <ClInclude Include="helloworld.pb.h">
      <Filter>Source Files\Networking\Samples</Filter>
    </ClInclude>
    <ClInclude Include="sceneviewer.grpc.pb.h">
      <Filter>Source Files\Networking</Filter>
    </ClInclude>
    <ClInclude Include="sceneviewer.pb.h">
      <Filter>Source Files\Networking</Filter>
    </ClInclude>
    <ClInclude Include="SceneViewerServer.h">
      <Filter>Source Files\Networking\Server</Filter>
    </ClInclude>
    <ClInclude Include="MonitorSharedBuffer.h">
      <Filter>Source Files\Monitors</Filter>
    </ClInclude>
    <ClInclude Include="Model3D.h">
      <Filter>Source Files\Scenes</Filter>
    </ClInclude>
    <ClInclude Include="SceneManager.h">
      <Filter>Source Files\Scenes</Filter>
    </ClInclude>
    <ClInclude Include="SceneUI.h">
      <Filter>Source Files\UI</Filter>
    </ClInclude>
    <ClInclude Include="StringUtils.h">
      <Filter>Source Files\Utility</Filter>
    </ClInclude>
    <ClInclude Include="SceneViewerUtility.h">
      <Filter>Source Files\Networking\Utility</Filter>
    </ClInclude>
    <ClInclude Include="SceneViewerClient.h">
      <Filter>Source Files\Networking\Client</Filter>
    </ClInclude>
    <ClInclude Include="FPSCounter.h">
      <Filter>Source Files\UI</Filter>
    </ClInclude>
  </ItemGroup>
  <ItemGroup>
    <None Include="Shaders\sample.frag" />
    <None Include="Shaders\sample.vert" />
    <None Include="helloworld.proto">
      <Filter>Source Files\Networking\Samples</Filter>
    </None>
    <None Include="sceneviewer.proto">
      <Filter>Source Files\Networking</Filter>
    </None>
  </ItemGroup>
</Project>